
Microsoft Visual Studio Solution File, Format Version 12.00
# Visual Studio Version 17
VisualStudioVersion = 17.4.33213.308
MinimumVisualStudioVersion = 10.0.40219.1
Project("{9A19103F-16F7-4668-BE54-9A1E7A4F7556}") = "AdvantShop.Web", "AdvantsShop.Web\AdvantShop.Web.csproj", "{D9A7F16D-18EF-443C-A38D-A9EA5EB0B560}"
EndProject
Project("{FAE04EC0-301F-11D3-BF4B-00C04F79EFBC}") = "AdvantShop.DataAccess", "AdvantShop.DataAccess\AdvantShop.DataAccess.csproj", "{7893A49D-B7D6-4E32-9A12-9DB763905C7E}"
EndProject
Project("{FAE04EC0-301F-11D3-BF4B-00C04F79EFBC}") = "AdvantShop.Domain", "AdvantShop.Domain\AdvantShop.Domain.csproj", "{71771A73-EB33-4AFC-B8FE-22FBFD6C3A76}"
EndProject
Project("{FAE04EC0-301F-11D3-BF4B-00C04F79EFBC}") = "AdvantShop.Application", "AdvantShop.Application\AdvantShop.Application.csproj", "{1C334DC4-AFFF-493F-99EE-04EE2D91358A}"
EndProject
Global
	GlobalSection(SolutionConfigurationPlatforms) = preSolution
		Debug|Any CPU = Debug|Any CPU
		Release|Any CPU = Release|Any CPU
	EndGlobalSection
	GlobalSection(ProjectConfigurationPlatforms) = postSolution
		{D9A7F16D-18EF-443C-A38D-A9EA5EB0B560}.Debug|Any CPU.ActiveCfg = Debug|Any CPU
		{D9A7F16D-18EF-443C-A38D-A9EA5EB0B560}.Debug|Any CPU.Build.0 = Debug|Any CPU
		{D9A7F16D-18EF-443C-A38D-A9EA5EB0B560}.Release|Any CPU.ActiveCfg = Release|Any CPU
		{D9A7F16D-18EF-443C-A38D-A9EA5EB0B560}.Release|Any CPU.Build.0 = Release|Any CPU
		{7893A49D-B7D6-4E32-9A12-9DB763905C7E}.Debug|Any CPU.ActiveCfg = Debug|Any CPU
		{7893A49D-B7D6-4E32-9A12-9DB763905C7E}.Debug|Any CPU.Build.0 = Debug|Any CPU
		{7893A49D-B7D6-4E32-9A12-9DB763905C7E}.Release|Any CPU.ActiveCfg = Release|Any CPU
		{7893A49D-B7D6-4E32-9A12-9DB763905C7E}.Release|Any CPU.Build.0 = Release|Any CPU
		{71771A73-EB33-4AFC-B8FE-22FBFD6C3A76}.Debug|Any CPU.ActiveCfg = Debug|Any CPU
		{71771A73-EB33-4AFC-B8FE-22FBFD6C3A76}.Debug|Any CPU.Build.0 = Debug|Any CPU
		{71771A73-EB33-4AFC-B8FE-22FBFD6C3A76}.Release|Any CPU.ActiveCfg = Release|Any CPU
		{71771A73-EB33-4AFC-B8FE-22FBFD6C3A76}.Release|Any CPU.Build.0 = Release|Any CPU
		{1C334DC4-AFFF-493F-99EE-04EE2D91358A}.Debug|Any CPU.ActiveCfg = Debug|Any CPU
		{1C334DC4-AFFF-493F-99EE-04EE2D91358A}.Debug|Any CPU.Build.0 = Debug|Any CPU
		{1C334DC4-AFFF-493F-99EE-04EE2D91358A}.Release|Any CPU.ActiveCfg = Release|Any CPU
		{1C334DC4-AFFF-493F-99EE-04EE2D91358A}.Release|Any CPU.Build.0 = Release|Any CPU
	EndGlobalSection
	GlobalSection(SolutionProperties) = preSolution
		HideSolutionNode = FALSE
	EndGlobalSection
	GlobalSection(ExtensibilityGlobals) = postSolution
		SolutionGuid = {F377A45E-2ACE-49A2-9F0F-82CC344F0D17}
	EndGlobalSection
EndGlobal
